
Microsoft Visual Studio Solution File, Format Version 12.00
# Visual Studio Version 16
VisualStudioVersion = 16.0.31702.278
MinimumVisualStudioVersion = 10.0.40219.1
Project("{FAE04EC0-301F-11D3-BF4B-00C04F79EFBC}") = "course(02)", "course(02)\course(02).csproj", "{B51835E1-42BF-47B9-ACC4-78175A438C72}"
EndProject
Global
	GlobalSection(SolutionConfigurationPlatforms) = preSolution
		Debug|Any CPU = Debug|Any CPU
		Release|Any CPU = Release|Any CPU
	EndGlobalSection
	GlobalSection(ProjectConfigurationPlatforms) = postSolution
		{B51835E1-42BF-47B9-ACC4-78175A438C72}.Debug|Any CPU.ActiveCfg = Debug|Any CPU
		{B51835E1-42BF-47B9-ACC4-78175A438C72}.Debug|Any CPU.Build.0 = Debug|Any CPU
		{B51835E1-42BF-47B9-ACC4-78175A438C72}.Release|Any CPU.ActiveCfg = Release|Any CPU
		{B51835E1-42BF-47B9-ACC4-78175A438C72}.Release|Any CPU.Build.0 = Release|Any CPU
	EndGlobalSection
	GlobalSection(SolutionProperties) = preSolution
		HideSolutionNode = FALSE
	EndGlobalSection
	GlobalSection(ExtensibilityGlobals) = postSolution
		SolutionGuid = {2C894552-BEF2-49CA-A973-0CC53C258080}
	EndGlobalSection
EndGlobal
